
Microsoft Visual Studio Solution File, Format Version 12.00
# Visual Studio 14
VisualStudioVersion = 14.0.25420.1
MinimumVisualStudioVersion = 10.0.40219.1
Project("{2150E333-8FDC-42A3-9474-1A3956D46DE8}") = "src", "src", "{2630790E-B7BB-4AC2-B540-93C7746CF993}"
EndProject
Project("{2150E333-8FDC-42A3-9474-1A3956D46DE8}") = "Solution Items", "Solution Items", "{499B132E-774C-411C-BD04-D70CA749077D}"
	ProjectSection(SolutionItems) = preProject
		global.json = global.json
	EndProjectSection
EndProject
Project("{8BB2217D-0F2D-49D1-97BC-3654ED321F3B}") = "NBlog.Web", "src\NBlog.Web\NBlog.Web.xproj", "{7F5A0320-9F40-4DE6-9B8C-A64E89C12221}"
EndProject
Project("{2150E333-8FDC-42A3-9474-1A3956D46DE8}") = "1.Presentation", "1.Presentation", "{DAD0F0CB-5E00-48E9-8DEB-B9C5848217FB}"
EndProject
Project("{2150E333-8FDC-42A3-9474-1A3956D46DE8}") = "2.Application", "2.Application", "{6DC051CA-49ED-499F-BA4A-50A2F181CCFE}"
EndProject
Project("{2150E333-8FDC-42A3-9474-1A3956D46DE8}") = "3.Domain", "3.Domain", "{84E41B66-2D58-489A-BF97-48371FAF681A}"
EndProject
Project("{2150E333-8FDC-42A3-9474-1A3956D46DE8}") = "4.Infrastructure", "4.Infrastructure", "{C10822B9-0FD1-48E2-BA53-93A230D8A870}"
EndProject
Project("{8BB2217D-0F2D-49D1-97BC-3654ED321F3B}") = "NBlog.Application", "src\NBlog.Application\NBlog.Application.xproj", "{2767BC11-FEE3-48B5-9B84-B191D09DE36C}"
EndProject
Project("{8BB2217D-0F2D-49D1-97BC-3654ED321F3B}") = "NBlog.Domain", "src\NBlog.Domain\NBlog.Domain.xproj", "{F1E1604C-7CF3-41A9-95D4-6F5D6B81FEE5}"
EndProject
Project("{8BB2217D-0F2D-49D1-97BC-3654ED321F3B}") = "NBlog.EntityFrameworkCore", "src\NBlog.EntityFrameworkCore\NBlog.EntityFrameworkCore.xproj", "{B6C355BE-2C90-49D5-9620-C792FCE36416}"
EndProject
Project("{8BB2217D-0F2D-49D1-97BC-3654ED321F3B}") = "NBlog.Utility", "src\NBlog.Utility\NBlog.Utility.xproj", "{314E0AC5-125E-47B3-BDFA-1482FDEB63A4}"
EndProject
Global
	GlobalSection(SolutionConfigurationPlatforms) = preSolution
		Debug|Any CPU = Debug|Any CPU
		Release|Any CPU = Release|Any CPU
	EndGlobalSection
	GlobalSection(ProjectConfigurationPlatforms) = postSolution
		{7F5A0320-9F40-4DE6-9B8C-A64E89C12221}.Debug|Any CPU.ActiveCfg = Debug|Any CPU
		{7F5A0320-9F40-4DE6-9B8C-A64E89C12221}.Debug|Any CPU.Build.0 = Debug|Any CPU
		{7F5A0320-9F40-4DE6-9B8C-A64E89C12221}.Release|Any CPU.ActiveCfg = Release|Any CPU
		{7F5A0320-9F40-4DE6-9B8C-A64E89C12221}.Release|Any CPU.Build.0 = Release|Any CPU
		{2767BC11-FEE3-48B5-9B84-B191D09DE36C}.Debug|Any CPU.ActiveCfg = Debug|Any CPU
		{2767BC11-FEE3-48B5-9B84-B191D09DE36C}.Debug|Any CPU.Build.0 = Debug|Any CPU
		{2767BC11-FEE3-48B5-9B84-B191D09DE36C}.Release|Any CPU.ActiveCfg = Release|Any CPU
		{2767BC11-FEE3-48B5-9B84-B191D09DE36C}.Release|Any CPU.Build.0 = Release|Any CPU
		{F1E1604C-7CF3-41A9-95D4-6F5D6B81FEE5}.Debug|Any CPU.ActiveCfg = Debug|Any CPU
		{F1E1604C-7CF3-41A9-95D4-6F5D6B81FEE5}.Debug|Any CPU.Build.0 = Debug|Any CPU
		{F1E1604C-7CF3-41A9-95D4-6F5D6B81FEE5}.Release|Any CPU.ActiveCfg = Release|Any CPU
		{F1E1604C-7CF3-41A9-95D4-6F5D6B81FEE5}.Release|Any CPU.Build.0 = Release|Any CPU
		{B6C355BE-2C90-49D5-9620-C792FCE36416}.Debug|Any CPU.ActiveCfg = Debug|Any CPU
		{B6C355BE-2C90-49D5-9620-C792FCE36416}.Debug|Any CPU.Build.0 = Debug|Any CPU
		{B6C355BE-2C90-49D5-9620-C792FCE36416}.Release|Any CPU.ActiveCfg = Release|Any CPU
		{B6C355BE-2C90-49D5-9620-C792FCE36416}.Release|Any CPU.Build.0 = Release|Any CPU
		{314E0AC5-125E-47B3-BDFA-1482FDEB63A4}.Debug|Any CPU.ActiveCfg = Debug|Any CPU
		{314E0AC5-125E-47B3-BDFA-1482FDEB63A4}.Debug|Any CPU.Build.0 = Debug|Any CPU
		{314E0AC5-125E-47B3-BDFA-1482FDEB63A4}.Release|Any CPU.ActiveCfg = Release|Any CPU
		{314E0AC5-125E-47B3-BDFA-1482FDEB63A4}.Release|Any CPU.Build.0 = Release|Any CPU
	EndGlobalSection
	GlobalSection(SolutionProperties) = preSolution
		HideSolutionNode = FALSE
	EndGlobalSection
	GlobalSection(NestedProjects) = preSolution
		{7F5A0320-9F40-4DE6-9B8C-A64E89C12221} = {DAD0F0CB-5E00-48E9-8DEB-B9C5848217FB}
		{DAD0F0CB-5E00-48E9-8DEB-B9C5848217FB} = {2630790E-B7BB-4AC2-B540-93C7746CF993}
		{6DC051CA-49ED-499F-BA4A-50A2F181CCFE} = {2630790E-B7BB-4AC2-B540-93C7746CF993}
		{84E41B66-2D58-489A-BF97-48371FAF681A} = {2630790E-B7BB-4AC2-B540-93C7746CF993}
		{C10822B9-0FD1-48E2-BA53-93A230D8A870} = {2630790E-B7BB-4AC2-B540-93C7746CF993}
		{2767BC11-FEE3-48B5-9B84-B191D09DE36C} = {6DC051CA-49ED-499F-BA4A-50A2F181CCFE}
		{F1E1604C-7CF3-41A9-95D4-6F5D6B81FEE5} = {84E41B66-2D58-489A-BF97-48371FAF681A}
		{B6C355BE-2C90-49D5-9620-C792FCE36416} = {C10822B9-0FD1-48E2-BA53-93A230D8A870}
		{314E0AC5-125E-47B3-BDFA-1482FDEB63A4} = {C10822B9-0FD1-48E2-BA53-93A230D8A870}
	EndGlobalSection
EndGlobal
